
Microsoft Visual Studio Solution File, Format Version 12.00
# Visual Studio 14
VisualStudioVersion = 14.0.24720.0
MinimumVisualStudioVersion = 10.0.40219.1
Project("{2150E333-8FDC-42A3-9474-1A3956D46DE8}") = "Desktop Client", "Desktop Client", "{920F95F3-E935-409F-B6E9-4E1A658BCA4C}"
EndProject
Project("{2150E333-8FDC-42A3-9474-1A3956D46DE8}") = "Tests", "Tests", "{397ADF5A-7FD2-4F48-8797-3FCA7295D40F}"
EndProject
Project("{FAE04EC0-301F-11D3-BF4B-00C04F79EFBC}") = "eTrader.Client", "Desktop client\eTrader.Client\eTrader.Client.csproj", "{D8D8D173-5EB1-42E4-813F-BB3BC8D7A141}"
EndProject
Project("{FAE04EC0-301F-11D3-BF4B-00C04F79EFBC}") = "eTrader.Windows", "Desktop client\eTrader.Windows\eTrader.Windows.csproj", "{EFCB3BB3-74B5-4263-B3A6-B26ED0F3BDD5}"
EndProject
Project("{FAE04EC0-301F-11D3-BF4B-00C04F79EFBC}") = "eTrader.Client.Tests", "..\Tests\eTrader.Client.Tests\eTrader.Client.Tests.csproj", "{ACDC25AE-4428-4926-AC20-93A2753D4B4B}"
EndProject
Project("{FAE04EC0-301F-11D3-BF4B-00C04F79EFBC}") = "eTrader.Windows.Tests", "..\Tests\eTrader.Windows.Tests\eTrader.Windows.Tests.csproj", "{9C140C95-CE58-4306-8D3E-F6DD038DD4B2}"
EndProject
Global
	GlobalSection(SolutionConfigurationPlatforms) = preSolution
		Debug|Any CPU = Debug|Any CPU
		Release|Any CPU = Release|Any CPU
	EndGlobalSection
	GlobalSection(ProjectConfigurationPlatforms) = postSolution
		{D8D8D173-5EB1-42E4-813F-BB3BC8D7A141}.Debug|Any CPU.ActiveCfg = Debug|Any CPU
		{D8D8D173-5EB1-42E4-813F-BB3BC8D7A141}.Debug|Any CPU.Build.0 = Debug|Any CPU
		{D8D8D173-5EB1-42E4-813F-BB3BC8D7A141}.Release|Any CPU.ActiveCfg = Release|Any CPU
		{D8D8D173-5EB1-42E4-813F-BB3BC8D7A141}.Release|Any CPU.Build.0 = Release|Any CPU
		{EFCB3BB3-74B5-4263-B3A6-B26ED0F3BDD5}.Debug|Any CPU.ActiveCfg = Debug|Any CPU
		{EFCB3BB3-74B5-4263-B3A6-B26ED0F3BDD5}.Debug|Any CPU.Build.0 = Debug|Any CPU
		{EFCB3BB3-74B5-4263-B3A6-B26ED0F3BDD5}.Release|Any CPU.ActiveCfg = Release|Any CPU
		{EFCB3BB3-74B5-4263-B3A6-B26ED0F3BDD5}.Release|Any CPU.Build.0 = Release|Any CPU
		{ACDC25AE-4428-4926-AC20-93A2753D4B4B}.Debug|Any CPU.ActiveCfg = Debug|Any CPU
		{ACDC25AE-4428-4926-AC20-93A2753D4B4B}.Debug|Any CPU.Build.0 = Debug|Any CPU
		{ACDC25AE-4428-4926-AC20-93A2753D4B4B}.Release|Any CPU.ActiveCfg = Release|Any CPU
		{ACDC25AE-4428-4926-AC20-93A2753D4B4B}.Release|Any CPU.Build.0 = Release|Any CPU
		{9C140C95-CE58-4306-8D3E-F6DD038DD4B2}.Debug|Any CPU.ActiveCfg = Debug|Any CPU
		{9C140C95-CE58-4306-8D3E-F6DD038DD4B2}.Debug|Any CPU.Build.0 = Debug|Any CPU
		{9C140C95-CE58-4306-8D3E-F6DD038DD4B2}.Release|Any CPU.ActiveCfg = Release|Any CPU
		{9C140C95-CE58-4306-8D3E-F6DD038DD4B2}.Release|Any CPU.Build.0 = Release|Any CPU
	EndGlobalSection
	GlobalSection(SolutionProperties) = preSolution
		HideSolutionNode = FALSE
	EndGlobalSection
	GlobalSection(NestedProjects) = preSolution
		{D8D8D173-5EB1-42E4-813F-BB3BC8D7A141} = {920F95F3-E935-409F-B6E9-4E1A658BCA4C}
		{EFCB3BB3-74B5-4263-B3A6-B26ED0F3BDD5} = {920F95F3-E935-409F-B6E9-4E1A658BCA4C}
		{ACDC25AE-4428-4926-AC20-93A2753D4B4B} = {397ADF5A-7FD2-4F48-8797-3FCA7295D40F}
		{9C140C95-CE58-4306-8D3E-F6DD038DD4B2} = {397ADF5A-7FD2-4F48-8797-3FCA7295D40F}
	EndGlobalSection
EndGlobal
